
Microsoft Visual Studio Solution File, Format Version 12.00
# Visual Studio 15
VisualStudioVersion = 15.0.27004.2009
MinimumVisualStudioVersion = 10.0.40219.1
Project("{FAE04EC0-301F-11D3-BF4B-00C04F79EFBC}") = "LandingWebApp", "LandingWebApp\LandingWebApp.csproj", "{5BE7BD77-B267-4291-9052-BA3B0E65A133}"
EndProject
Global
	GlobalSection(SolutionConfigurationPlatforms) = preSolution
		Debug|Any CPU = Debug|Any CPU
		Release|Any CPU = Release|Any CPU
	EndGlobalSection
	GlobalSection(ProjectConfigurationPlatforms) = postSolution
		{5BE7BD77-B267-4291-9052-BA3B0E65A133}.Debug|Any CPU.ActiveCfg = Debug|Any CPU
		{5BE7BD77-B267-4291-9052-BA3B0E65A133}.Debug|Any CPU.Build.0 = Debug|Any CPU
		{5BE7BD77-B267-4291-9052-BA3B0E65A133}.Release|Any CPU.ActiveCfg = Release|Any CPU
		{5BE7BD77-B267-4291-9052-BA3B0E65A133}.Release|Any CPU.Build.0 = Release|Any CPU
	EndGlobalSection
	GlobalSection(SolutionProperties) = preSolution
		HideSolutionNode = FALSE
	EndGlobalSection
	GlobalSection(ExtensibilityGlobals) = postSolution
		SolutionGuid = {3C53388A-06E1-438F-94D1-CB4067DFC675}
	EndGlobalSection
EndGlobal
